
Microsoft Visual Studio Solution File, Format Version 12.00
# Visual Studio Version 16
VisualStudioVersion = 16.0.30114.105
MinimumVisualStudioVersion = 10.0.40219.1
Project("{9A19103F-16F7-4668-BE54-9A1E7A4F7556}") = "Oscar", "Oscar\Oscar.csproj", "{2FCF8D8E-B8E5-482D-BB39-29BA4347E9B8}"
EndProject
Project("{9A19103F-16F7-4668-BE54-9A1E7A4F7556}") = "uast", "uast\uast.csproj", "{36225397-DA5D-4AB7-AC21-2BAF80568139}"
EndProject
Project("{FAE04EC0-301F-11D3-BF4B-00C04F79EFBC}") = "ParseOscarFile", "ParseOscarFile\ParseOscarFile.csproj", "{BEC07C93-127F-4842-850F-DD6946304554}"
EndProject
Global
	GlobalSection(SolutionConfigurationPlatforms) = preSolution
		Debug|Any CPU = Debug|Any CPU
		Release|Any CPU = Release|Any CPU
	EndGlobalSection
	GlobalSection(ProjectConfigurationPlatforms) = postSolution
		{2FCF8D8E-B8E5-482D-BB39-29BA4347E9B8}.Debug|Any CPU.ActiveCfg = Debug|Any CPU
		{2FCF8D8E-B8E5-482D-BB39-29BA4347E9B8}.Debug|Any CPU.Build.0 = Debug|Any CPU
		{2FCF8D8E-B8E5-482D-BB39-29BA4347E9B8}.Release|Any CPU.ActiveCfg = Release|Any CPU
		{2FCF8D8E-B8E5-482D-BB39-29BA4347E9B8}.Release|Any CPU.Build.0 = Release|Any CPU
		{36225397-DA5D-4AB7-AC21-2BAF80568139}.Debug|Any CPU.ActiveCfg = Debug|Any CPU
		{36225397-DA5D-4AB7-AC21-2BAF80568139}.Debug|Any CPU.Build.0 = Debug|Any CPU
		{36225397-DA5D-4AB7-AC21-2BAF80568139}.Release|Any CPU.ActiveCfg = Release|Any CPU
		{36225397-DA5D-4AB7-AC21-2BAF80568139}.Release|Any CPU.Build.0 = Release|Any CPU
		{BEC07C93-127F-4842-850F-DD6946304554}.Debug|Any CPU.ActiveCfg = Debug|Any CPU
		{BEC07C93-127F-4842-850F-DD6946304554}.Debug|Any CPU.Build.0 = Debug|Any CPU
		{BEC07C93-127F-4842-850F-DD6946304554}.Release|Any CPU.ActiveCfg = Release|Any CPU
		{BEC07C93-127F-4842-850F-DD6946304554}.Release|Any CPU.Build.0 = Release|Any CPU
	EndGlobalSection
	GlobalSection(SolutionProperties) = preSolution
		HideSolutionNode = FALSE
	EndGlobalSection
	GlobalSection(ExtensibilityGlobals) = postSolution
		SolutionGuid = {D0B7D0E2-6EA4-483D-871B-1F7706280DCB}
	EndGlobalSection
EndGlobal
